version = 1
revision = 3
requires-python = ">=3.14"

[[package]]
name = "cffi"
version = "2.0.0"
source = { registry = "https://pypi.org/simple" }
dependencies = [
    { name = "pycparser", marker = "implementation_name != 'PyPy'" },
]
sdist = { url = "https://files.pythonhosted.org/packages/eb/56/b1ba7935a17738ae8453301356628e8147c79dbb825bcbc73dc7401f9846/cffi-2.0.0.tar.gz", hash = "sha256:44d1b5909021139fe36001ae048dbdde8214afa20200eda0f64c068cac5d5529", size = 523588, upload-time = "2025-09-08T23:24:04.541Z" }
wheels = [
    { url = "https://files.pythonhosted.org/packages/92/c4/3ce07396253a83250ee98564f8d7e9789fab8e58858f35d07a9a2c78de9f/cffi-2.0.0-cp314-cp314-macosx_10_13_x86_64.whl", hash = "sha256:fc33c5141b55ed366cfaad382df24fe7dcbc686de5be719b207bb248e3053dc5", size = 185320, upload-time = "2025-09-08T23:23:18.087Z" },
    { url = "https://files.pythonhosted.org/packages/59/dd/27e9fa567a23931c838c6b02d0764611c62290062a6d4e8ff7863daf9730/cffi-2.0.0-cp314-cp314-macosx_11_0_arm64.whl", hash = "sha256:c654de545946e0db659b3400168c9ad31b5d29593291482c43e3564effbcee13", size = 181487, upload-time = "2025-09-08T23:23:19.622Z" },
    { url = "https://files.pythonhosted.org/packages/d6/43/0e822876f87ea8a4ef95442c3d766a06a51fc5298823f884ef87aaad168c/cffi-2.0.0-cp314-cp314-manylinux2014_aarch64.manylinux_2_17_aarch64.whl", hash = "sha256:24b6f81f1983e6df8db3adc38562c83f7d4a0c36162885ec7f7b77c7dcbec97b", size = 220049, upload-time = "2025-09-08T23:23:20.853Z" },
    { url = "https://files.pythonhosted.org/packages/b4/89/76799151d9c2d2d1ead63c2429da9ea9d7aac304603de0c6e8764e6e8e70/cffi-2.0.0-cp314-cp314-manylinux2014_ppc64le.manylinux_2_17_ppc64le.whl", hash = "sha256:12873ca6cb9b0f0d3a0da705d6086fe911591737a59f28b7936bdfed27c0d47c", size = 207793, upload-time = "2025-09-08T23:23:22.08Z" },
    { url = "https://files.pythonhosted.org/packages/bb/dd/3465b14bb9e24ee24cb88c9e3730f6de63111fffe513492bf8c808a3547e/cffi-2.0.0-cp314-cp314-manylinux2014_s390x.manylinux_2_17_s390x.whl", hash = "sha256:d9b97165e8aed9272a6bb17c01e3cc5871a594a446ebedc996e2397a1c1ea8ef", size = 206300, upload-time = "2025-09-08T23:23:23.314Z" },
    { url = "https://files.pythonhosted.org/packages/47/d9/d83e293854571c877a92da46fdec39158f8d7e68da75bf73581225d28e90/cffi-2.0.0-cp314-cp314-manylinux2014_x86_64.manylinux_2_17_x86_64.whl", hash = "sha256:afb8db5439b81cf9c9d0c80404b60c3cc9c3add93e114dcae767f1477cb53775", size = 219244, upload-time = "2025-09-08T23:23:24.541Z" },
    { url = "https://files.pythonhosted.org/packages/2b/0f/1f177e3683aead2bb00f7679a16451d302c436b5cbf2505f0ea8146ef59e/cffi-2.0.0-cp314-cp314-musllinux_1_2_aarch64.whl", hash = "sha256:737fe7d37e1a1bffe70bd5754ea763a62a066dc5913ca57e957824b72a85e205", size = 222828, upload-time = "2025-09-08T23:23:26.143Z" },
    { url = "https://files.pythonhosted.org/packages/c6/0f/cafacebd4b040e3119dcb32fed8bdef8dfe94da653155f9d0b9dc660166e/cffi-2.0.0-cp314-cp314-musllinux_1_2_x86_64.whl", hash = "sha256:38100abb9d1b1435bc4cc340bb4489635dc2f0da7456590877030c9b3d40b0c1", size = 220926, upload-time = "2025-09-08T23:23:27.873Z" },
    { url = "https://files.pythonhosted.org/packages/3e/aa/df335faa45b395396fcbc03de2dfcab242cd61a9900e914fe682a59170b1/cffi-2.0.0-cp314-cp314-win32.whl", hash = "sha256:087067fa8953339c723661eda6b54bc98c5625757ea62e95eb4898ad5e776e9f", size = 175328, upload-time = "2025-09-08T23:23:44.61Z" },
    { url = "https://files.pythonhosted.org/packages/bb/92/882c2d30831744296ce713f0feb4c1cd30f346ef747b530b5318715cc367/cffi-2.0.0-cp314-cp314-win_amd64.whl", hash = "sha256:203a48d1fb583fc7d78a4c6655692963b860a417c0528492a6bc21f1aaefab25", size = 185650, upload-time = "2025-09-08T23:23:45.848Z" },
    { url = "https://files.pythonhosted.org/packages/9f/2c/98ece204b9d35a7366b5b2c6539c350313ca13932143e79dc133ba757104/cffi-2.0.0-cp314-cp314-win_arm64.whl", hash = "sha256:dbd5c7a25a7cb98f5ca55d258b103a2054f859a46ae11aaf23134f9cc0d356ad", size = 180687, upload-time = "2025-09-08T23:23:47.105Z" },
    { url = "https://files.pythonhosted.org/packages/3e/61/c768e4d548bfa607abcda77423448df8c471f25dbe64fb2ef6d555eae006/cffi-2.0.0-cp314-cp314t-macosx_10_13_x86_64.whl", hash = "sha256:9a67fc9e8eb39039280526379fb3a70023d77caec1852002b4da7e8b270c4dd9", size = 188773, upload-time = "2025-09-08T23:23:29.347Z" },
    { url = "https://files.pythonhosted.org/packages/2c/ea/5f76bce7cf6fcd0ab1a1058b5af899bfbef198bea4d5686da88471ea0336/cffi-2.0.0-cp314-cp314t-macosx_11_0_arm64.whl", hash = "sha256:7a66c7204d8869299919db4d5069a82f1561581af12b11b3c9f48c584eb8743d", size = 185013, upload-time = "2025-09-08T23:23:30.63Z" },
    { url = "https://files.pythonhosted.org/packages/be/b4/c56878d0d1755cf9caa54ba71e5d049479c52f9e4afc230f06822162ab2f/cffi-2.0.0-cp314-cp314t-manylinux2014_aarch64.manylinux_2_17_aarch64.whl", hash = "sha256:7cc09976e8b56f8cebd752f7113ad07752461f48a58cbba644139015ac24954c", size = 221593, upload-time = "2025-09-08T23:23:31.91Z" },
    { url = "https://files.pythonhosted.org/packages/e0/0d/eb704606dfe8033e7128df5e90fee946bbcb64a04fcdaa97321309004000/cffi-2.0.0-cp314-cp314t-manylinux2014_ppc64le.manylinux_2_17_ppc64le.whl", hash = "sha256:92b68146a71df78564e4ef48af17551a5ddd142e5190cdf2c5624d0c3ff5b2e8", size = 209354, upload-time = "2025-09-08T23:23:33.214Z" },
    { url = "https://files.pythonhosted.org/packages/d8/19/3c435d727b368ca475fb8742ab97c9cb13a0de600ce86f62eab7fa3eea60/cffi-2.0.0-cp314-cp314t-manylinux2014_s390x.manylinux_2_17_s390x.whl", hash = "sha256:b1e74d11748e7e98e2f426ab176d4ed720a64412b6a15054378afdb71e0f37dc", size = 208480, upload-time = "2025-09-08T23:23:34.495Z" },
    { url = "https://files.pythonhosted.org/packages/d0/44/681604464ed9541673e486521497406fadcc15b5217c3e326b061696899a/cffi-2.0.0-cp314-cp314t-manylinux2014_x86_64.manylinux_2_17_x86_64.whl", hash = "sha256:28a3a209b96630bca57cce802da70c266eb08c6e97e5afd61a75611ee6c64592", size = 221584, upload-time = "2025-09-08T23:23:36.096Z" },
    { url = "https://files.pythonhosted.org/packages/25/8e/342a504ff018a2825d395d44d63a767dd8ebc927ebda557fecdaca3ac33a/cffi-2.0.0-cp314-cp314t-musllinux_1_2_aarch64.whl", hash = "sha256:7553fb2090d71822f02c629afe6042c299edf91ba1bf94951165613553984512", size = 224443, upload-time = "2025-09-08T23:23:37.328Z" },
    { url = "https://files.pythonhosted.org/packages/e1/5e/b666bacbbc60fbf415ba9988324a132c9a7a0448a9a8f125074671c0f2c3/cffi-2.0.0-cp314-cp314t-musllinux_1_2_x86_64.whl", hash = "sha256:6c6c373cfc5c83a975506110d17457138c8c63016b563cc9ed6e056a82f13ce4", size = 223437, upload-time = "2025-09-08T23:23:38.945Z" },
    { url = "https://files.pythonhosted.org/packages/a0/1d/ec1a60bd1a10daa292d3cd6bb0b359a81607154fb8165f3ec95fe003b85c/cffi-2.0.0-cp314-cp314t-win32.whl", hash = "sha256:1fc9ea04857caf665289b7a75923f2c6ed559b8298a1b8c49e59f7dd95c8481e", size = 180487, upload-time = "2025-09-08T23:23:40.423Z" },
    { url = "https://files.pythonhosted.org/packages/bf/41/4c1168c74fac325c0c8156f04b6749c8b6a8f405bbf91413ba088359f60d/cffi-2.0.0-cp314-cp314t-win_amd64.whl", hash = "sha256:d68b6cef7827e8641e8ef16f4494edda8b36104d79773a334beaa1e3521430f6", size = 191726, upload-time = "2025-09-08T23:23:41.742Z" },
    { url = "https://files.pythonhosted.org/packages/ae/3a/dbeec9d1ee0844c679f6bb5d6ad4e9f198b1224f4e7a32825f47f6192b0c/cffi-2.0.0-cp314-cp314t-win_arm64.whl", hash = "sha256:0a1527a803f0a659de1af2e1fd700213caba79377e27e4693648c2923da066f9", size = 184195, upload-time = "2025-09-08T23:23:43.004Z" },
]

[[package]]
name = "colorama"
version = "0.4.6"
source = { registry = "https://pypi.org/simple" }
sdist = { url = "https://files.pythonhosted.org/packages/d8/53/6f443c9a4a8358a93a6792e2acffb9d9d5cb0a5cfd8802644b7b1c9a02e4/colorama-0.4.6.tar.gz", hash = "sha256:08695f5cb7ed6e0531a20572697297273c47b8cae5a63ffc6d6ed5c201be6e44", size = 27697, upload-time = "2022-10-25T02:36:22.414Z" }
wheels = [
    { url = "https://files.pythonhosted.org/packages/d1/d6/3965ed04c63042e047cb6a3e6ed1a63a35087b6a609aa3a15ed8ac56c221/colorama-0.4.6-py2.py3-none-any.whl", hash = "sha256:4f1d9991f5acc0ca119f9d443620b77f9d6b33703e51011c16baf57afb285fc6", size = 25335, upload-time = "2022-10-25T02:36:20.889Z" },
]

[[package]]
name = "decorator"
version = "5.2.1"
source = { registry = "https://pypi.org/simple" }
sdist = { url = "https://files.pythonhosted.org/packages/43/fa/6d96a0978d19e17b68d634497769987b16c8f4cd0a7a05048bec693caa6b/decorator-5.2.1.tar.gz", hash = "sha256:65f266143752f734b0a7cc83c46f4618af75b8c5911b00ccb61d0ac9b6da0360", size = 56711, upload-time = "2025-02-24T04:41:34.073Z" }
wheels = [
    { url = "https://files.pythonhosted.org/packages/4e/8c/f3147f5c4b73e7550fe5f9352eaa956ae838d5c51eb58e7a25b9f3e2643b/decorator-5.2.1-py3-none-any.whl", hash = "sha256:d316bb415a2d9e2d2b3abcc4084c6502fc09240e292cd76a76afc106a1c8e04a", size = 9190, upload-time = "2025-02-24T04:41:32.565Z" },
]

[[package]]
name = "imageio"
version = "2.37.0"
source = { registry = "https://pypi.org/simple" }
dependencies = [
    { name = "numpy" },
    { name = "pillow" },
]
sdist = { url = "https://files.pythonhosted.org/packages/0c/47/57e897fb7094afb2d26e8b2e4af9a45c7cf1a405acdeeca001fdf2c98501/imageio-2.37.0.tar.gz", hash = "sha256:71b57b3669666272c818497aebba2b4c5f20d5b37c81720e5e1a56d59c492996", size = 389963, upload-time = "2025-01-20T02:42:37.089Z" }
wheels = [
    { url = "https://files.pythonhosted.org/packages/cb/bd/b394387b598ed84d8d0fa90611a90bee0adc2021820ad5729f7ced74a8e2/imageio-2.37.0-py3-none-any.whl", hash = "sha256:11efa15b87bc7871b61590326b2d635439acc321cf7f8ce996f812543ce10eed", size = 315796, upload-time = "2025-01-20T02:42:34.931Z" },
]

[[package]]
name = "imageio-ffmpeg"
version = "0.6.0"
source = { registry = "https://pypi.org/simple" }
sdist = { url = "https://files.pythonhosted.org/packages/44/bd/c3343c721f2a1b0c9fc71c1aebf1966a3b7f08c2eea8ed5437a2865611d6/imageio_ffmpeg-0.6.0.tar.gz", hash = "sha256:e2556bed8e005564a9f925bb7afa4002d82770d6b08825078b7697ab88ba1755", size = 25210, upload-time = "2025-01-16T21:34:32.747Z" }
wheels = [
    { url = "https://files.pythonhosted.org/packages/da/58/87ef68ac83f4c7690961bce288fd8e382bc5f1513860fc7f90a9c1c1c6bf/imageio_ffmpeg-0.6.0-py3-none-macosx_10_9_intel.macosx_10_9_x86_64.whl", hash = "sha256:9d2baaf867088508d4a3458e61eeb30e945c4ad8016025545f66c4b5aaef0a61", size = 24932969, upload-time = "2025-01-16T21:34:20.464Z" },
    { url = "https://files.pythonhosted.org/packages/40/5c/f3d8a657d362cc93b81aab8feda487317da5b5d31c0e1fdfd5e986e55d17/imageio_ffmpeg-0.6.0-py3-none-macosx_11_0_arm64.whl", hash = "sha256:b1ae3173414b5fc5f538a726c4e48ea97edc0d2cdc11f103afee655c463fa742", size = 21113891, upload-time = "2025-01-16T21:34:00.277Z" },
    { url = "https://files.pythonhosted.org/packages/33/e7/1925bfbc563c39c1d2e82501d8372734a5c725e53ac3b31b4c2d081e895b/imageio_ffmpeg-0.6.0-py3-none-manylinux2014_aarch64.whl", hash = "sha256:1d47bebd83d2c5fc770720d211855f208af8a596c82d17730aa51e815cdee6dc", size = 25632706, upload-time = "2025-01-16T21:33:53.475Z" },
    { url = "https://files.pythonhosted.org/packages/a0/2d/43c8522a2038e9d0e7dbdf3a61195ecc31ca576fb1527a528c877e87d973/imageio_ffmpeg-0.6.0-py3-none-manylinux2014_x86_64.whl", hash = "sha256:c7e46fcec401dd990405049d2e2f475e2b397779df2519b544b8aab515195282", size = 29498237, upload-time = "2025-01-16T21:34:13.726Z" },
    { url = "https://files.pythonhosted.org/packages/a0/13/59da54728351883c3c1d9fca1710ab8eee82c7beba585df8f25ca925f08f/imageio_ffmpeg-0.6.0-py3-none-win32.whl", hash = "sha256:196faa79366b4a82f95c0f4053191d2013f4714a715780f0ad2a68ff37483cc2", size = 19652251, upload-time = "2025-01-16T21:34:06.812Z" },
    { url = "https://files.pythonhosted.org/packages/2c/c6/fa760e12a2483469e2bf5058c5faff664acf66cadb4df2ad6205b016a73d/imageio_ffmpeg-0.6.0-py3-none-win_amd64.whl", hash = "sha256:02fa47c83703c37df6bfe4896aab339013f62bf02c5ebf2dce6da56af04ffc0a", size = 31246824, upload-time = "2025-01-16T21:34:28.6Z" },
]

[[package]]
name = "moviepy"
version = "2.2.1"
source = { registry = "https://pypi.org/simple" }
dependencies = [
    { name = "decorator" },
    { name = "imageio" },
    { name = "imageio-ffmpeg" },
    { name = "numpy" },
    { name = "pillow" },
    { name = "proglog" },
    { name = "python-dotenv" },
]
sdist = { url = "https://files.pythonhosted.org/packages/de/61/15f9476e270f64c78a834e7459ca045d669f869cec24eed26807b8cd479d/moviepy-2.2.1.tar.gz", hash = "sha256:c80cb56815ece94e5e3e2d361aa40070eeb30a09d23a24c4e684d03e16deacb1", size = 58431438, upload-time = "2025-05-21T19:31:52.601Z" }
wheels = [
    { url = "https://files.pythonhosted.org/packages/9a/73/7d3b2010baa0b5eb1e4dfa9e4385e89b6716be76f2fa21a6c0fe34b68e5a/moviepy-2.2.1-py3-none-any.whl", hash = "sha256:6b56803fec2ac54b557404126ac1160e65448e03798fa282bd23e8fab3795060", size = 129871, upload-time = "2025-05-21T19:31:50.11Z" },
]

[[package]]
name = "nuitka"
version = "2.8.4"
source = { registry = "https://pypi.org/simple" }
dependencies = [
    { name = "ordered-set" },
    { name = "zstandard" },
]
sdist = { url = "https://files.pythonhosted.org/packages/6f/87/f20ffda1b6dc04361fa95390f4d47d974ee194e6e1e7688f13d324f3d89b/Nuitka-2.8.4.tar.gz", hash = "sha256:06b020ef33be97194f888dcfcd4c69c8452ceb61b31c7622e610d5156eb7923d", size = 3885111, upload-time = "2025-10-21T10:28:45.499Z" }

[[package]]
name = "numpy"
version = "2.3.0"
source = { registry = "https://pypi.org/simple" }
sdist = { url = "https://files.pythonhosted.org/packages/f3/db/8e12381333aea300890829a0a36bfa738cac95475d88982d538725143fd9/numpy-2.3.0.tar.gz", hash = "sha256:581f87f9e9e9db2cba2141400e160e9dd644ee248788d6f90636eeb8fd9260a6", size = 20382813, upload-time = "2025-06-07T14:54:32.608Z" }

[[package]]
name = "ordered-set"
version = "4.1.0"
source = { registry = "https://pypi.org/simple" }
sdist = { url = "https://files.pythonhosted.org/packages/4c/ca/bfac8bc689799bcca4157e0e0ced07e70ce125193fc2e166d2e685b7e2fe/ordered-set-4.1.0.tar.gz", hash = "sha256:694a8e44c87657c59292ede72891eb91d34131f6531463aab3009191c77364a8", size = 12826, upload-time = "2022-01-26T14:38:56.6Z" }
wheels = [
    { url = "https://files.pythonhosted.org/packages/33/55/af02708f230eb77084a299d7b08175cff006dea4f2721074b92cdb0296c0/ordered_set-4.1.0-py3-none-any.whl", hash = "sha256:046e1132c71fcf3330438a539928932caf51ddbc582496833e23de611de14562", size = 7634, upload-time = "2022-01-26T14:38:48.677Z" },
]

[[package]]
name = "pillow"
version = "11.2.1"
source = { registry = "https://pypi.org/simple" }
sdist = { url = "https://files.pythonhosted.org/packages/af/cb/bb5c01fcd2a69335b86c22142b2bccfc3464087efb7fd382eee5ffc7fdf7/pillow-11.2.1.tar.gz", hash = "sha256:a64dd61998416367b7ef979b73d3a85853ba9bec4c2925f74e588879a58716b6", size = 47026707, upload-time = "2025-04-12T17:50:03.289Z" }

[[package]]
name = "proglog"
version = "0.1.12"
source = { registry = "https://pypi.org/simple" }
dependencies = [
    { name = "tqdm" },
]
sdist = { url = "https://files.pythonhosted.org/packages/c2/af/c108866c452eda1132f3d6b3cb6be2ae8430c97e9309f38ca9dbd430af37/proglog-0.1.12.tar.gz", hash = "sha256:361ee074721c277b89b75c061336cb8c5f287c92b043efa562ccf7866cda931c", size = 8794, upload-time = "2025-05-09T14:36:18.316Z" }
wheels = [
    { url = "https://files.pythonhosted.org/packages/c1/1b/f7ea6cde25621cd9236541c66ff018f4268012a534ec31032bcb187dc5e7/proglog-0.1.12-py3-none-any.whl", hash = "sha256:ccaafce51e80a81c65dc907a460c07ccb8ec1f78dc660cfd8f9ec3a22f01b84c", size = 6337, upload-time = "2025-05-09T14:36:16.798Z" },
]

[[package]]
name = "pycparser"
version = "2.22"
source = { registry = "https://pypi.org/simple" }
sdist = { url = "https://files.pythonhosted.org/packages/1d/b2/31537cf4b1ca988837256c910a668b553fceb8f069bedc4b1c826024b52c/pycparser-2.22.tar.gz", hash = "sha256:491c8be9c040f5390f5bf44a5b07752bd07f56edf992381b05c701439eec10f6", size = 172736, upload-time = "2024-03-30T13:22:22.564Z" }
wheels = [
    { url = "https://files.pythonhosted.org/packages/13/a3/a812df4e2dd5696d1f351d58b8fe16a405b234ad2886a0dab9183fb78109/pycparser-2.22-py3-none-any.whl", hash = "sha256:c3702b6d3dd8c7abc1afa565d7e63d53a1d0bd86cdc24edd75470f4de499cfcc", size = 117552, upload-time = "2024-03-30T13:22:20.476Z" },
]

[[package]]
name = "pyinstrument"
version = "5.1.1"
source = { registry = "https://pypi.org/simple" }
sdist = { url = "https://files.pythonhosted.org/packages/80/ce/824ee634994e612156f7b84eaf50b8523c676ebfed8d8dd12939a82f4c15/pyinstrument-5.1.1.tar.gz", hash = "sha256:bc401cda990b3c1cfe8e0e0473cbd605df3c63b73478a89ac4ab108f2184baa8", size = 264730, upload-time = "2025-08-12T11:35:43.426Z" }
wheels = [
    { url = "https://files.pythonhosted.org/packages/18/2b/e4bdcabb5ae67de2ec3fa1f6e4eb4ae707b0bf460f895d4594792cdc919b/pyinstrument-5.1.1-cp314-cp314-macosx_10_13_universal2.whl", hash = "sha256:688acba1c00cad73e43254e610f8e384a53ced3b0dbb5268fb44636e2b99663e", size = 130358, upload-time = "2025-08-12T11:35:03.569Z" },
    { url = "https://files.pythonhosted.org/packages/20/36/616f8db63997c096d3fb65e657cdf5bd2a63b53ed24a14750770dc500979/pyinstrument-5.1.1-cp314-cp314-macosx_11_0_arm64.whl", hash = "sha256:116f5ad8cec4d6f5626305d7c1a104f5845a084bfb4b192d231eb8c41ea81f9a", size = 122827, upload-time = "2025-08-12T11:35:04.661Z" },
    { url = "https://files.pythonhosted.org/packages/af/7a/4f5d2bbc7c2466d46eb5ff47c6e667464eead47140e01a64be45215a59d4/pyinstrument-5.1.1-cp314-cp314-manylinux2014_aarch64.manylinux_2_17_aarch64.manylinux_2_28_aarch64.whl", hash = "sha256:1d139d12a637001d3884344330054ce8335b2c8165dc3dd239726e1b358576bd", size = 147947, upload-time = "2025-08-12T11:35:05.786Z" },
    { url = "https://files.pythonhosted.org/packages/ba/8c/c9b0081c0e52789a910390ce44e54c1318999d74386f15d92d0deb522aff/pyinstrument-5.1.1-cp314-cp314-manylinux2014_x86_64.manylinux_2_17_x86_64.manylinux_2_28_x86_64.whl", hash = "sha256:bc5b87b1e27bec94457fed8d03c755a3c09edb4f35d975dbdffd77d863173254", size = 146702, upload-time = "2025-08-12T11:35:07.202Z" },
    { url = "https://files.pythonhosted.org/packages/1e/1b/745ed7997da22ae68ff21b8f28e5e3a97b220335dce4ee7cf46d5eb17b32/pyinstrument-5.1.1-cp314-cp314-musllinux_1_2_aarch64.whl", hash = "sha256:15f4a2ed9562efab34b555e1208955cf9681b2272489d7a59cd0e289344ada2e", size = 146836, upload-time = "2025-08-12T11:35:08.297Z" },
    { url = "https://files.pythonhosted.org/packages/70/f0/05cefdcf79d1901f9d179e7f55f3acaadbc5fee7af955cebb3f555280638/pyinstrument-5.1.1-cp314-cp314-musllinux_1_2_x86_64.whl", hash = "sha256:1cb0c79bfa2b2b5734213429c9d7f455e5af664cfde785c69a5780f6c532c1fd", size = 146463, upload-time = "2025-08-12T11:35:09.483Z" },
    { url = "https://files.pythonhosted.org/packages/6c/cb/6a6f33316be3c7b8247f8ca0e418a2b6fb68d64c227169b7dbee50009366/pyinstrument-5.1.1-cp314-cp314-win32.whl", hash = "sha256:3b9f1216ae4848a8983dc405e1a42e46e75bd8ae96aaba328d4358b8fc80a7a0", size = 124950, upload-time = "2025-08-12T11:35:11.607Z" },
    { url = "https://files.pythonhosted.org/packages/d6/ea/99caeb29f446f57d077a83c7c5f2b7c27c1719984d425f679bf2ec1eb6b0/pyinstrument-5.1.1-cp314-cp314-win_amd64.whl", hash = "sha256:26971d4a17e0d5d4f6737e71c9de7a7ce5c83ab7daf078c6bf330be41d65273b", size = 125720, upload-time = "2025-08-12T11:35:12.683Z" },
    { url = "https://files.pythonhosted.org/packages/f6/d0/953b75d634565ef34f8ed559f2e4af7cd1f2d5f5b578092e8f1d8199e4b1/pyinstrument-5.1.1-cp314-cp314t-macosx_10_13_universal2.whl", hash = "sha256:62362843884d654401ec4c25fed35f4b4ded077d96b3396f1e791c31e4203d3e", size = 131258, upload-time = "2025-08-12T11:35:13.805Z" },
    { url = "https://files.pythonhosted.org/packages/a6/a4/4ec87cfd0974d79b2fcd72b3e20336fc65b96a5b08f2eb2867bf71b27b82/pyinstrument-5.1.1-cp314-cp314t-macosx_11_0_arm64.whl", hash = "sha256:f2d640230b71c6d9ac8f27a9c5cd07fc8a6acad9196d1e48d9c33658b176fb80", size = 123276, upload-time = "2025-08-12T11:35:14.933Z" },
    { url = "https://files.pythonhosted.org/packages/eb/f8/6a210989c8ede85f91b7e4ba5d9730492f1d081762570c06c750d787536c/pyinstrument-5.1.1-cp314-cp314t-manylinux2014_aarch64.manylinux_2_17_aarch64.manylinux_2_28_aarch64.whl", hash = "sha256:3f54f7292c63461c75ddf193f5e733803e463ccbc54f2fb7c9591337ddea7d10", size = 155767, upload-time = "2025-08-12T11:35:16.124Z" },
    { url = "https://files.pythonhosted.org/packages/f4/a8/5ac81ffbfe36d2e5c3332a9452746a21540987da0d9491db751a905bba13/pyinstrument-5.1.1-cp314-cp314t-manylinux2014_x86_64.manylinux_2_17_x86_64.manylinux_2_28_x86_64.whl", hash = "sha256:c156eb442f9f22960ae16bd195051863d5e8a68b877926e88bbaf8bbdc1456d1", size = 153423, upload-time = "2025-08-12T11:35:17.312Z" },
    { url = "https://files.pythonhosted.org/packages/3f/55/5620c2a61403cde044e81e33056c14fbf5793eea33f67f2223d61abec9ae/pyinstrument-5.1.1-cp314-cp314t-musllinux_1_2_aarch64.whl", hash = "sha256:caadaf67ad5926c46af784316024793c909b9e9ee550475855fd32171c4bd033", size = 153542, upload-time = "2025-08-12T11:35:18.729Z" },
    { url = "https://files.pythonhosted.org/packages/7a/83/a8f22466652250a847dfdf58f9a2717b470fdbbcb075c7f730bf608041a6/pyinstrument-5.1.1-cp314-cp314t-musllinux_1_2_x86_64.whl", hash = "sha256:88ef2e8f483a5e1501d79a7ebdab592a597467810ed24d8db09ab6f568e938d3", size = 152337, upload-time = "2025-08-12T11:35:19.849Z" },
    { url = "https://files.pythonhosted.org/packages/0d/a6/cd4590da14deaeda6315519c26064874bbb9648a1358b80e8a8ca5d4add0/pyinstrument-5.1.1-cp314-cp314t-win32.whl", hash = "sha256:265bc4389f82e6521777bfab426a62a15c4940955e86f75db79a44e7349f9757", size = 125621, upload-time = "2025-08-12T11:35:21.201Z" },
    { url = "https://files.pythonhosted.org/packages/b3/30/177102e798539368aef25688a6a171d66ec92e6f16b6b651a89045a2bd13/pyinstrument-5.1.1-cp314-cp314t-win_amd64.whl", hash = "sha256:fa254f269a72a007b5d02c18cd4b67081e0efabbd33e18acdbd5e3be905afa06", size = 126528, upload-time = "2025-08-12T11:35:22.578Z" },
]

[[package]]
name = "pytaiko"
version = "0.9.0"
source = { virtual = "." }
dependencies = [
    { name = "moviepy" },
    { name = "raylib-sdl" },
    { name = "tomlkit" },
]

[package.dev-dependencies]
dev = [
    { name = "nuitka" },
    { name = "pyinstrument" },
    { name = "ruff" },
    { name = "vulture" },
]

[package.metadata]
requires-dist = [
    { name = "moviepy", specifier = ">=2.1.2" },
    { name = "raylib-sdl", specifier = ">=5.5.0.3" },
    { name = "tomlkit", specifier = ">=0.13.3" },
]

[package.metadata.requires-dev]
dev = [
    { name = "nuitka", specifier = ">=2.8.4" },
    { name = "pyinstrument", specifier = ">=5.1.1" },
    { name = "ruff", specifier = ">=0.14.2" },
    { name = "vulture", specifier = ">=2.14" },
]

[[package]]
name = "python-dotenv"
version = "1.1.0"
source = { registry = "https://pypi.org/simple" }
sdist = { url = "https://files.pythonhosted.org/packages/88/2c/7bb1416c5620485aa793f2de31d3df393d3686aa8a8506d11e10e13c5baf/python_dotenv-1.1.0.tar.gz", hash = "sha256:41f90bc6f5f177fb41f53e87666db362025010eb28f60a01c9143bfa33a2b2d5", size = 39920, upload-time = "2025-03-25T10:14:56.835Z" }
wheels = [
    { url = "https://files.pythonhosted.org/packages/1e/18/98a99ad95133c6a6e2005fe89faedf294a748bd5dc803008059409ac9b1e/python_dotenv-1.1.0-py3-none-any.whl", hash = "sha256:d7c01d9e2293916c18baf562d95698754b0dbbb5e74d457c45d4f6561fb9d55d", size = 20256, upload-time = "2025-03-25T10:14:55.034Z" },
]

[[package]]
name = "raylib-sdl"
version = "5.5.0.3"
source = { registry = "raylib-sdl" }
dependencies = [
    { name = "cffi" },
]
wheels = [
    { path = "raylib_sdl-5.5.0.3-cp314-cp314-macosx_10_15_x86_64.whl" },
    { path = "raylib_sdl-5.5.0.3-cp314-cp314-macosx_11_0_arm64.whl" },
    { path = "raylib_sdl-5.5.0.3-cp314-cp314-win_amd64.whl" },
    { path = "raylib_sdl-5.5.0.3-cp314-cp314-manylinux2014_x86_64.manylinux_2_17_x86_64.whl" },
]

[[package]]
name = "ruff"
version = "0.14.2"
source = { registry = "https://pypi.org/simple" }
sdist = { url = "https://files.pythonhosted.org/packages/ee/34/8218a19b2055b80601e8fd201ec723c74c7fe1ca06d525a43ed07b6d8e85/ruff-0.14.2.tar.gz", hash = "sha256:98da787668f239313d9c902ca7c523fe11b8ec3f39345553a51b25abc4629c96", size = 5539663, upload-time = "2025-10-23T19:37:00.956Z" }
wheels = [
    { url = "https://files.pythonhosted.org/packages/16/dd/23eb2db5ad9acae7c845700493b72d3ae214dce0b226f27df89216110f2b/ruff-0.14.2-py3-none-linux_armv6l.whl", hash = "sha256:7cbe4e593505bdec5884c2d0a4d791a90301bc23e49a6b1eb642dd85ef9c64f1", size = 12533390, upload-time = "2025-10-23T19:36:18.044Z" },
    { url = "https://files.pythonhosted.org/packages/5a/8c/5f9acff43ddcf3f85130d0146d0477e28ccecc495f9f684f8f7119b74c0d/ruff-0.14.2-py3-none-macosx_10_12_x86_64.whl", hash = "sha256:8d54b561729cee92f8d89c316ad7a3f9705533f5903b042399b6ae0ddfc62e11", size = 12887187, upload-time = "2025-10-23T19:36:22.664Z" },
    { url = "https://files.pythonhosted.org/packages/99/fa/047646491479074029665022e9f3dc6f0515797f40a4b6014ea8474c539d/ruff-0.14.2-py3-none-macosx_11_0_arm64.whl", hash = "sha256:5c8753dfa44ebb2cde10ce5b4d2ef55a41fb9d9b16732a2c5df64620dbda44a3", size = 11925177, upload-time = "2025-10-23T19:36:24.778Z" },
    { url = "https://files.pythonhosted.org/packages/15/8b/c44cf7fe6e59ab24a9d939493a11030b503bdc2a16622cede8b7b1df0114/ruff-0.14.2-py3-none-manylinux_2_17_aarch64.manylinux2014_aarch64.whl", hash = "sha256:3d0bbeffb8d9f4fccf7b5198d566d0bad99a9cb622f1fc3467af96cb8773c9e3", size = 12358285, upload-time = "2025-10-23T19:36:26.979Z" },
    { url = "https://files.pythonhosted.org/packages/45/01/47701b26254267ef40369aea3acb62a7b23e921c27372d127e0f3af48092/ruff-0.14.2-py3-none-manylinux_2_17_armv7l.manylinux2014_armv7l.whl", hash = "sha256:7047f0c5a713a401e43a88d36843d9c83a19c584e63d664474675620aaa634a8", size = 12303832, upload-time = "2025-10-23T19:36:29.192Z" },
    { url = "https://files.pythonhosted.org/packages/2d/5c/ae7244ca4fbdf2bee9d6405dcd5bc6ae51ee1df66eb7a9884b77b8af856d/ruff-0.14.2-py3-none-manylinux_2_17_i686.manylinux2014_i686.whl", hash = "sha256:3bf8d2f9aa1602599217d82e8e0af7fd33e5878c4d98f37906b7c93f46f9a839", size = 13036995, upload-time = "2025-10-23T19:36:31.861Z" },
    { url = "https://files.pythonhosted.org/packages/27/4c/0860a79ce6fd4c709ac01173f76f929d53f59748d0dcdd662519835dae43/ruff-0.14.2-py3-none-manylinux_2_17_ppc64.manylinux2014_ppc64.whl", hash = "sha256:1c505b389e19c57a317cf4b42db824e2fca96ffb3d86766c1c9f8b96d32048a7", size = 14512649, upload-time = "2025-10-23T19:36:33.915Z" },
    { url = "https://files.pythonhosted.org/packages/7f/7f/d365de998069720a3abfc250ddd876fc4b81a403a766c74ff9bde15b5378/ruff-0.14.2-py3-none-manylinux_2_17_ppc64le.manylinux2014_ppc64le.whl", hash = "sha256:a307fc45ebd887b3f26b36d9326bb70bf69b01561950cdcc6c0bdf7bb8e0f7cc", size = 14088182, upload-time = "2025-10-23T19:36:36.983Z" },
    { url = "https://files.pythonhosted.org/packages/6c/ea/d8e3e6b209162000a7be1faa41b0a0c16a133010311edc3329753cc6596a/ruff-0.14.2-py3-none-manylinux_2_17_s390x.manylinux2014_s390x.whl", hash = "sha256:61ae91a32c853172f832c2f40bd05fd69f491db7289fb85a9b941ebdd549781a", size = 13599516, upload-time = "2025-10-23T19:36:39.208Z" },
    { url = "https://files.pythonhosted.org/packages/fa/ea/c7810322086db68989fb20a8d5221dd3b79e49e396b01badca07b433ab45/ruff-0.14.2-py3-none-manylinux_2_17_x86_64.manylinux2014_x86_64.whl", hash = "sha256:bc1967e40286f63ee23c615e8e7e98098dedc7301568bd88991f6e544d8ae096", size = 13272690, upload-time = "2025-10-23T19:36:41.453Z" },
    { url = "https://files.pythonhosted.org/packages/a9/39/10b05acf8c45786ef501d454e00937e1b97964f846bf28883d1f9619928a/ruff-0.14.2-py3-none-manylinux_2_31_riscv64.whl", hash = "sha256:2877f02119cdebf52a632d743a2e302dea422bfae152ebe2f193d3285a3a65df", size = 13496497, upload-time = "2025-10-23T19:36:43.61Z" },
    { url = "https://files.pythonhosted.org/packages/59/a1/1f25f8301e13751c30895092485fada29076e5e14264bdacc37202e85d24/ruff-0.14.2-py3-none-musllinux_1_2_aarch64.whl", hash = "sha256:e681c5bc777de5af898decdcb6ba3321d0d466f4cb43c3e7cc2c3b4e7b843a05", size = 12266116, upload-time = "2025-10-23T19:36:45.625Z" },
    { url = "https://files.pythonhosted.org/packages/5c/fa/0029bfc9ce16ae78164e6923ef392e5f173b793b26cc39aa1d8b366cf9dc/ruff-0.14.2-py3-none-musllinux_1_2_armv7l.whl", hash = "sha256:e21be42d72e224736f0c992cdb9959a2fa53c7e943b97ef5d081e13170e3ffc5", size = 12281345, upload-time = "2025-10-23T19:36:47.618Z" },
    { url = "https://files.pythonhosted.org/packages/a5/ab/ece7baa3c0f29b7683be868c024f0838770c16607bea6852e46b202f1ff6/ruff-0.14.2-py3-none-musllinux_1_2_i686.whl", hash = "sha256:b8264016f6f209fac16262882dbebf3f8be1629777cf0f37e7aff071b3e9b92e", size = 12629296, upload-time = "2025-10-23T19:36:49.789Z" },
    { url = "https://files.pythonhosted.org/packages/a4/7f/638f54b43f3d4e48c6a68062794e5b367ddac778051806b9e235dfb7aa81/ruff-0.14.2-py3-none-musllinux_1_2_x86_64.whl", hash = "sha256:5ca36b4cb4db3067a3b24444463ceea5565ea78b95fe9a07ca7cb7fd16948770", size = 13371610, upload-time = "2025-10-23T19:36:51.882Z" },
    { url = "https://files.pythonhosted.org/packages/8d/35/3654a973ebe5b32e1fd4a08ed2d46755af7267da7ac710d97420d7b8657d/ruff-0.14.2-py3-none-win32.whl", hash = "sha256:41775927d287685e08f48d8eb3f765625ab0b7042cc9377e20e64f4eb0056ee9", size = 12415318, upload-time = "2025-10-23T19:36:53.961Z" },
    { url = "https://files.pythonhosted.org/packages/71/30/3758bcf9e0b6a4193a6f51abf84254aba00887dfa8c20aba18aa366c5f57/ruff-0.14.2-py3-none-win_amd64.whl", hash = "sha256:0df3424aa5c3c08b34ed8ce099df1021e3adaca6e90229273496b839e5a7e1af", size = 13565279, upload-time = "2025-10-23T19:36:56.578Z" },
    { url = "https://files.pythonhosted.org/packages/2e/5d/aa883766f8ef9ffbe6aa24f7192fb71632f31a30e77eb39aa2b0dc4290ac/ruff-0.14.2-py3-none-win_arm64.whl", hash = "sha256:ea9d635e83ba21569fbacda7e78afbfeb94911c9434aff06192d9bc23fd5495a", size = 12554956, upload-time = "2025-10-23T19:36:58.714Z" },
]

[[package]]
name = "tomlkit"
version = "0.13.3"
source = { registry = "https://pypi.org/simple" }
sdist = { url = "https://files.pythonhosted.org/packages/cc/18/0bbf3884e9eaa38819ebe46a7bd25dcd56b67434402b66a58c4b8e552575/tomlkit-0.13.3.tar.gz", hash = "sha256:430cf247ee57df2b94ee3fbe588e71d362a941ebb545dec29b53961d61add2a1", size = 185207, upload-time = "2025-06-05T07:13:44.947Z" }
wheels = [
    { url = "https://files.pythonhosted.org/packages/bd/75/8539d011f6be8e29f339c42e633aae3cb73bffa95dd0f9adec09b9c58e85/tomlkit-0.13.3-py3-none-any.whl", hash = "sha256:c89c649d79ee40629a9fda55f8ace8c6a1b42deb912b2a8fd8d942ddadb606b0", size = 38901, upload-time = "2025-06-05T07:13:43.546Z" },
]

[[package]]
name = "tqdm"
version = "4.67.1"
source = { registry = "https://pypi.org/simple" }
dependencies = [
    { name = "colorama", marker = "sys_platform == 'win32'" },
]
sdist = { url = "https://files.pythonhosted.org/packages/a8/4b/29b4ef32e036bb34e4ab51796dd745cdba7ed47ad142a9f4a1eb8e0c744d/tqdm-4.67.1.tar.gz", hash = "sha256:f8aef9c52c08c13a65f30ea34f4e5aac3fd1a34959879d7e59e63027286627f2", size = 169737, upload-time = "2024-11-24T20:12:22.481Z" }
wheels = [
    { url = "https://files.pythonhosted.org/packages/d0/30/dc54f88dd4a2b5dc8a0279bdd7270e735851848b762aeb1c1184ed1f6b14/tqdm-4.67.1-py3-none-any.whl", hash = "sha256:26445eca388f82e72884e0d580d5464cd801a3ea01e63e5601bdff9ba6a48de2", size = 78540, upload-time = "2024-11-24T20:12:19.698Z" },
]

[[package]]
name = "vulture"
version = "2.14"
source = { registry = "https://pypi.org/simple" }
sdist = { url = "https://files.pythonhosted.org/packages/8e/25/925f35db758a0f9199113aaf61d703de891676b082bd7cf73ea01d6000f7/vulture-2.14.tar.gz", hash = "sha256:cb8277902a1138deeab796ec5bef7076a6e0248ca3607a3f3dee0b6d9e9b8415", size = 58823, upload-time = "2024-12-08T17:39:43.319Z" }
wheels = [
    { url = "https://files.pythonhosted.org/packages/a0/56/0cc15b8ff2613c1d5c3dc1f3f576ede1c43868c1bc2e5ccaa2d4bcd7974d/vulture-2.14-py2.py3-none-any.whl", hash = "sha256:d9a90dba89607489548a49d557f8bac8112bd25d3cbc8aeef23e860811bd5ed9", size = 28915, upload-time = "2024-12-08T17:39:40.573Z" },
]

[[package]]
name = "zstandard"
version = "0.25.0"
source = { registry = "https://pypi.org/simple" }
sdist = { url = "https://files.pythonhosted.org/packages/fd/aa/3e0508d5a5dd96529cdc5a97011299056e14c6505b678fd58938792794b1/zstandard-0.25.0.tar.gz", hash = "sha256:7713e1179d162cf5c7906da876ec2ccb9c3a9dcbdffef0cc7f70c3667a205f0b", size = 711513, upload-time = "2025-09-14T22:15:54.002Z" }
wheels = [
    { url = "https://files.pythonhosted.org/packages/3d/5c/f8923b595b55fe49e30612987ad8bf053aef555c14f05bb659dd5dbe3e8a/zstandard-0.25.0-cp314-cp314-macosx_10_13_x86_64.whl", hash = "sha256:e29f0cf06974c899b2c188ef7f783607dbef36da4c242eb6c82dcd8b512855e3", size = 795887, upload-time = "2025-09-14T22:17:54.198Z" },
    { url = "https://files.pythonhosted.org/packages/8d/09/d0a2a14fc3439c5f874042dca72a79c70a532090b7ba0003be73fee37ae2/zstandard-0.25.0-cp314-cp314-macosx_11_0_arm64.whl", hash = "sha256:05df5136bc5a011f33cd25bc9f506e7426c0c9b3f9954f056831ce68f3b6689f", size = 640658, upload-time = "2025-09-14T22:17:55.423Z" },
    { url = "https://files.pythonhosted.org/packages/5d/7c/8b6b71b1ddd517f68ffb55e10834388d4f793c49c6b83effaaa05785b0b4/zstandard-0.25.0-cp314-cp314-manylinux2010_i686.manylinux_2_12_i686.manylinux_2_28_i686.whl", hash = "sha256:f604efd28f239cc21b3adb53eb061e2a205dc164be408e553b41ba2ffe0ca15c", size = 5379849, upload-time = "2025-09-14T22:17:57.372Z" },
    { url = "https://files.pythonhosted.org/packages/a4/86/a48e56320d0a17189ab7a42645387334fba2200e904ee47fc5a26c1fd8ca/zstandard-0.25.0-cp314-cp314-manylinux2014_aarch64.manylinux_2_17_aarch64.manylinux_2_28_aarch64.whl", hash = "sha256:223415140608d0f0da010499eaa8ccdb9af210a543fac54bce15babbcfc78439", size = 5058095, upload-time = "2025-09-14T22:17:59.498Z" },
    { url = "https://files.pythonhosted.org/packages/f8/ad/eb659984ee2c0a779f9d06dbfe45e2dc39d99ff40a319895df2d3d9a48e5/zstandard-0.25.0-cp314-cp314-manylinux2014_ppc64le.manylinux_2_17_ppc64le.manylinux_2_28_ppc64le.whl", hash = "sha256:2e54296a283f3ab5a26fc9b8b5d4978ea0532f37b231644f367aa588930aa043", size = 5551751, upload-time = "2025-09-14T22:18:01.618Z" },
    { url = "https://files.pythonhosted.org/packages/61/b3/b637faea43677eb7bd42ab204dfb7053bd5c4582bfe6b1baefa80ac0c47b/zstandard-0.25.0-cp314-cp314-manylinux2014_s390x.manylinux_2_17_s390x.manylinux_2_28_s390x.whl", hash = "sha256:ca54090275939dc8ec5dea2d2afb400e0f83444b2fc24e07df7fdef677110859", size = 6364818, upload-time = "2025-09-14T22:18:03.769Z" },
    { url = "https://files.pythonhosted.org/packages/31/dc/cc50210e11e465c975462439a492516a73300ab8caa8f5e0902544fd748b/zstandard-0.25.0-cp314-cp314-manylinux2014_x86_64.manylinux_2_17_x86_64.manylinux_2_28_x86_64.whl", hash = "sha256:e09bb6252b6476d8d56100e8147b803befa9a12cea144bbe629dd508800d1ad0", size = 5560402, upload-time = "2025-09-14T22:18:05.954Z" },
    { url = "https://files.pythonhosted.org/packages/c9/ae/56523ae9c142f0c08efd5e868a6da613ae76614eca1305259c3bf6a0ed43/zstandard-0.25.0-cp314-cp314-musllinux_1_2_aarch64.whl", hash = "sha256:a9ec8c642d1ec73287ae3e726792dd86c96f5681eb8df274a757bf62b750eae7", size = 4955108, upload-time = "2025-09-14T22:18:07.68Z" },
    { url = "https://files.pythonhosted.org/packages/98/cf/c899f2d6df0840d5e384cf4c4121458c72802e8bda19691f3b16619f51e9/zstandard-0.25.0-cp314-cp314-musllinux_1_2_i686.whl", hash = "sha256:a4089a10e598eae6393756b036e0f419e8c1d60f44a831520f9af41c14216cf2", size = 5269248, upload-time = "2025-09-14T22:18:09.753Z" },
    { url = "https://files.pythonhosted.org/packages/1b/c0/59e912a531d91e1c192d3085fc0f6fb2852753c301a812d856d857ea03c6/zstandard-0.25.0-cp314-cp314-musllinux_1_2_ppc64le.whl", hash = "sha256:f67e8f1a324a900e75b5e28ffb152bcac9fbed1cc7b43f99cd90f395c4375344", size = 5430330, upload-time = "2025-09-14T22:18:11.966Z" },
    { url = "https://files.pythonhosted.org/packages/a0/1d/7e31db1240de2df22a58e2ea9a93fc6e38cc29353e660c0272b6735d6669/zstandard-0.25.0-cp314-cp314-musllinux_1_2_s390x.whl", hash = "sha256:9654dbc012d8b06fc3d19cc825af3f7bf8ae242226df5f83936cb39f5fdc846c", size = 5811123, upload-time = "2025-09-14T22:18:13.907Z" },
    { url = "https://files.pythonhosted.org/packages/f6/49/fac46df5ad353d50535e118d6983069df68ca5908d4d65b8c466150a4ff1/zstandard-0.25.0-cp314-cp314-musllinux_1_2_x86_64.whl", hash = "sha256:4203ce3b31aec23012d3a4cf4a2ed64d12fea5269c49aed5e4c3611b938e4088", size = 5359591, upload-time = "2025-09-14T22:18:16.465Z" },
    { url = "https://files.pythonhosted.org/packages/c2/38/f249a2050ad1eea0bb364046153942e34abba95dd5520af199aed86fbb49/zstandard-0.25.0-cp314-cp314-win32.whl", hash = "sha256:da469dc041701583e34de852d8634703550348d5822e66a0c827d39b05365b12", size = 444513, upload-time = "2025-09-14T22:18:20.61Z" },
    { url = "https://files.pythonhosted.org/packages/3a/43/241f9615bcf8ba8903b3f0432da069e857fc4fd1783bd26183db53c4804b/zstandard-0.25.0-cp314-cp314-win_amd64.whl", hash = "sha256:c19bcdd826e95671065f8692b5a4aa95c52dc7a02a4c5a0cac46deb879a017a2", size = 516118, upload-time = "2025-09-14T22:18:17.849Z" },
    { url = "https://files.pythonhosted.org/packages/f0/ef/da163ce2450ed4febf6467d77ccb4cd52c4c30ab45624bad26ca0a27260c/zstandard-0.25.0-cp314-cp314-win_arm64.whl", hash = "sha256:d7541afd73985c630bafcd6338d2518ae96060075f9463d7dc14cfb33514383d", size = 476940, upload-time = "2025-09-14T22:18:19.088Z" },
]
